
Microsoft Visual Studio Solution File, Format Version 12.00
# Visual Studio Version 17
VisualStudioVersion = 17.3.32804.467
MinimumVisualStudioVersion = 10.0.40219.1
Project("{FAE04EC0-301F-11D3-BF4B-00C04F79EFBC}") = "CodeFirstHandsonMovie", "CodeFirstHandsonMovie\CodeFirstHandsonMovie.csproj", "{CC01C8B1-437E-44FB-9A59-916F7CEAEC9C}"
EndProject
Global
	GlobalSection(SolutionConfigurationPlatforms) = preSolution
		Debug|Any CPU = Debug|Any CPU
		Release|Any CPU = Release|Any CPU
	EndGlobalSection
	GlobalSection(ProjectConfigurationPlatforms) = postSolution
		{CC01C8B1-437E-44FB-9A59-916F7CEAEC9C}.Debug|Any CPU.ActiveCfg = Debug|Any CPU
		{CC01C8B1-437E-44FB-9A59-916F7CEAEC9C}.Debug|Any CPU.Build.0 = Debug|Any CPU
		{CC01C8B1-437E-44FB-9A59-916F7CEAEC9C}.Release|Any CPU.ActiveCfg = Release|Any CPU
		{CC01C8B1-437E-44FB-9A59-916F7CEAEC9C}.Release|Any CPU.Build.0 = Release|Any CPU
	EndGlobalSection
	GlobalSection(SolutionProperties) = preSolution
		HideSolutionNode = FALSE
	EndGlobalSection
	GlobalSection(ExtensibilityGlobals) = postSolution
		SolutionGuid = {E19FAEAD-FA1B-4AA9-B79C-766E237C0C08}
	EndGlobalSection
EndGlobal
